PODS:
  - Flutter (1.0.0)
  - Plaid (4.7.6)
  - plaid_flutter (0.0.1):
    - Flutter
    - Plaid (= 4.7.6)

DEPENDENCIES:
  - Flutter (from `Flutter`)
  - plaid_flutter (from `.symlinks/plugins/plaid_flutter/ios`)

SPEC REPOS:
  trunk:
    - Plaid

EXTERNAL SOURCES:
  Flutter:
    :path: Flutter
  plaid_flutter:
    :path: ".symlinks/plugins/plaid_flutter/ios"

SPEC CHECKSUMS:
  Flutter: e0871f40cf51350855a761d2e70bf5af5b9b5de7
  Plaid: b21002f53b0b7c418df45d4848e3b30b02ed9cd1
  plaid_flutter: 76d09038ab535549632be1ea108032ca86ac6862

PODFILE CHECKSUM: 819463e6a0290f5a72f145ba7cde16e8b6ef0796

COCOAPODS: 1.11.3
